
Microsoft Visual Studio Solution File, Format Version 12.00
# Visual Studio 15
VisualStudioVersion = 15.0.28010.2041
MinimumVisualStudioVersion = 10.0.40219.1
Project("{8BC9CEB8-8B4A-11D0-8D11-00A0C91BC942}") = "PetroleroHundido", "PetroleroHundido\PetroleroHundido.vcxproj", "{05F12114-5D7A-4BCF-B8DD-AF7D9C50F407}"
EndProject
Global
	GlobalSection(SolutionConfigurationPlatforms) = preSolution
		Debug|x64 = Debug|x64
		Debug|x86 = Debug|x86
		Release|x64 = Release|x64
		Release|x86 = Release|x86
	EndGlobalSection
	GlobalSection(ProjectConfigurationPlatforms) = postSolution
		{05F12114-5D7A-4BCF-B8DD-AF7D9C50F407}.Debug|x64.ActiveCfg = Debug|x64
		{05F12114-5D7A-4BCF-B8DD-AF7D9C50F407}.Debug|x64.Build.0 = Debug|x64
		{05F12114-5D7A-4BCF-B8DD-AF7D9C50F407}.Debug|x86.ActiveCfg = Debug|Win32
		{05F12114-5D7A-4BCF-B8DD-AF7D9C50F407}.Debug|x86.Build.0 = Debug|Win32
		{05F12114-5D7A-4BCF-B8DD-AF7D9C50F407}.Release|x64.ActiveCfg = Release|x64
		{05F12114-5D7A-4BCF-B8DD-AF7D9C50F407}.Release|x64.Build.0 = Release|x64
		{05F12114-5D7A-4BCF-B8DD-AF7D9C50F407}.Release|x86.ActiveCfg = Release|Win32
		{05F12114-5D7A-4BCF-B8DD-AF7D9C50F407}.Release|x86.Build.0 = Release|Win32
	EndGlobalSection
	GlobalSection(SolutionProperties) = preSolution
		HideSolutionNode = FALSE
	EndGlobalSection
	GlobalSection(ExtensibilityGlobals) = postSolution
		SolutionGuid = {43ED5CD2-2E08-457F-B2E8-D07F93118251}
	EndGlobalSection
EndGlobal
