
Microsoft Visual Studio Solution File, Format Version 12.00
# Visual Studio 15
VisualStudioVersion = 15.0.28010.2041
MinimumVisualStudioVersion = 10.0.40219.1
Project("{8BC9CEB8-8B4A-11D0-8D11-00A0C91BC942}") = "Archipielago en Bicicleta", "Archipielago en Bicicleta\Archipielago en Bicicleta.vcxproj", "{6820DEFB-C233-49EC-9C58-EA2DF2348E0F}"
EndProject
Global
	GlobalSection(SolutionConfigurationPlatforms) = preSolution
		Debug|x64 = Debug|x64
		Debug|x86 = Debug|x86
		Release|x64 = Release|x64
		Release|x86 = Release|x86
	EndGlobalSection
	GlobalSection(ProjectConfigurationPlatforms) = postSolution
		{6820DEFB-C233-49EC-9C58-EA2DF2348E0F}.Debug|x64.ActiveCfg = Debug|x64
		{6820DEFB-C233-49EC-9C58-EA2DF2348E0F}.Debug|x64.Build.0 = Debug|x64
		{6820DEFB-C233-49EC-9C58-EA2DF2348E0F}.Debug|x86.ActiveCfg = Debug|Win32
		{6820DEFB-C233-49EC-9C58-EA2DF2348E0F}.Debug|x86.Build.0 = Debug|Win32
		{6820DEFB-C233-49EC-9C58-EA2DF2348E0F}.Release|x64.ActiveCfg = Release|x64
		{6820DEFB-C233-49EC-9C58-EA2DF2348E0F}.Release|x64.Build.0 = Release|x64
		{6820DEFB-C233-49EC-9C58-EA2DF2348E0F}.Release|x86.ActiveCfg = Release|Win32
		{6820DEFB-C233-49EC-9C58-EA2DF2348E0F}.Release|x86.Build.0 = Release|Win32
	EndGlobalSection
	GlobalSection(SolutionProperties) = preSolution
		HideSolutionNode = FALSE
	EndGlobalSection
	GlobalSection(ExtensibilityGlobals) = postSolution
		SolutionGuid = {C66CC27F-C233-4E2F-AAD2-F977226039FF}
	EndGlobalSection
EndGlobal
