
Microsoft Visual Studio Solution File, Format Version 12.00
# Visual Studio 15
VisualStudioVersion = 15.0.28010.2041
MinimumVisualStudioVersion = 10.0.40219.1
Project("{8BC9CEB8-8B4A-11D0-8D11-00A0C91BC942}") = "EV1", "EV1\EV1.vcxproj", "{1FCC5B6E-BE19-464B-94F6-83AC2AE438CF}"
EndProject
Global
	GlobalSection(SolutionConfigurationPlatforms) = preSolution
		Debug|x64 = Debug|x64
		Debug|x86 = Debug|x86
		Release|x64 = Release|x64
		Release|x86 = Release|x86
	EndGlobalSection
	GlobalSection(ProjectConfigurationPlatforms) = postSolution
		{1FCC5B6E-BE19-464B-94F6-83AC2AE438CF}.Debug|x64.ActiveCfg = Debug|x64
		{1FCC5B6E-BE19-464B-94F6-83AC2AE438CF}.Debug|x64.Build.0 = Debug|x64
		{1FCC5B6E-BE19-464B-94F6-83AC2AE438CF}.Debug|x86.ActiveCfg = Debug|Win32
		{1FCC5B6E-BE19-464B-94F6-83AC2AE438CF}.Debug|x86.Build.0 = Debug|Win32
		{1FCC5B6E-BE19-464B-94F6-83AC2AE438CF}.Release|x64.ActiveCfg = Release|x64
		{1FCC5B6E-BE19-464B-94F6-83AC2AE438CF}.Release|x64.Build.0 = Release|x64
		{1FCC5B6E-BE19-464B-94F6-83AC2AE438CF}.Release|x86.ActiveCfg = Release|Win32
		{1FCC5B6E-BE19-464B-94F6-83AC2AE438CF}.Release|x86.Build.0 = Release|Win32
	EndGlobalSection
	GlobalSection(SolutionProperties) = preSolution
		HideSolutionNode = FALSE
	EndGlobalSection
	GlobalSection(ExtensibilityGlobals) = postSolution
		SolutionGuid = {4ECB8CE9-DB7B-459B-A5A8-7E35CE7586F2}
	EndGlobalSection
EndGlobal
